
Microsoft Visual Studio Solution File, Format Version 12.00
# Visual Studio Version 17
VisualStudioVersion = 17.11.35222.181
MinimumVisualStudioVersion = 10.0.40219.1
Project("{FAE04EC0-301F-11D3-BF4B-00C04F79EFBC}") = "DzFromFile", "DzFromFile\DzFromFile.csproj", "{FCAE061B-978A-41A4-AC38-5BD90F8D6DED}"
EndProject
Project("{FAE04EC0-301F-11D3-BF4B-00C04F79EFBC}") = "DzFromTumakov", "DzFromTumakov\DzFromTumakov.csproj", "{43ED0995-8A1A-4815-A2E7-9D71E87E813E}"
EndProject
Global
	GlobalSection(SolutionConfigurationPlatforms) = preSolution
		Debug|Any CPU = Debug|Any CPU
		Release|Any CPU = Release|Any CPU
	EndGlobalSection
	GlobalSection(ProjectConfigurationPlatforms) = postSolution
		{FCAE061B-978A-41A4-AC38-5BD90F8D6DED}.Debug|Any CPU.ActiveCfg = Debug|Any CPU
		{FCAE061B-978A-41A4-AC38-5BD90F8D6DED}.Debug|Any CPU.Build.0 = Debug|Any CPU
		{FCAE061B-978A-41A4-AC38-5BD90F8D6DED}.Release|Any CPU.ActiveCfg = Release|Any CPU
		{FCAE061B-978A-41A4-AC38-5BD90F8D6DED}.Release|Any CPU.Build.0 = Release|Any CPU
		{43ED0995-8A1A-4815-A2E7-9D71E87E813E}.Debug|Any CPU.ActiveCfg = Debug|Any CPU
		{43ED0995-8A1A-4815-A2E7-9D71E87E813E}.Debug|Any CPU.Build.0 = Debug|Any CPU
		{43ED0995-8A1A-4815-A2E7-9D71E87E813E}.Release|Any CPU.ActiveCfg = Release|Any CPU
		{43ED0995-8A1A-4815-A2E7-9D71E87E813E}.Release|Any CPU.Build.0 = Release|Any CPU
	EndGlobalSection
	GlobalSection(SolutionProperties) = preSolution
		HideSolutionNode = FALSE
	EndGlobalSection
	GlobalSection(ExtensibilityGlobals) = postSolution
		SolutionGuid = {9A622524-D8AF-48B2-A48D-187AEE52B275}
	EndGlobalSection
EndGlobal
